{
  "version": 4,
  "terraform_version": "0.14.4",
  "serial": 86,
  "lineage": "ba878de6-c1c9-a7db-74ae-cc0f3df52203",
  "outputs": {
    "alb_dns_name": {
      "value": "hello-world-qa-1255086557.us-east-1.elb.amazonaws.com",
      "type": "string"
    }
  },
  "resources": [
    {
      "module": "module.hello_world_app",
      "mode": "data",
      "type": "aws_subnet_ids",
      "name": "default",
      "provider": "provider[\"registry.terraform.io/hashicorp/aws\"]",
      "instances": [
        {
          "schema_version": 0,
          "attributes": {
            "filter": null,
            "id": "vpc-302bf84d",
            "ids": [
              "subnet-3287046d",
              "subnet-52f9ae1f",
              "subnet-bd8e039c",
              "subnet-c3f933f2",
              "subnet-ceceb7c0",
              "subnet-f9098e9f"
            ],
            "tags": null,
            "vpc_id": "vpc-302bf84d"
          },
          "sensitive_attributes": []
        }
      ]
    },
    {
      "module": "module.hello_world_app",
      "mode": "data",
      "type": "aws_vpc",
      "name": "default",
      "provider": "provider[\"registry.terraform.io/hashicorp/aws\"]",
      "instances": [
        {
          "schema_version": 0,
          "attributes": {
            "arn": "arn:aws:ec2:us-east-1:330248160669:vpc/vpc-302bf84d",
            "cidr_block": "172.31.0.0/16",
            "cidr_block_associations": [
              {
                "association_id": "vpc-cidr-assoc-a43f93cb",
                "cidr_block": "172.31.0.0/16",
                "state": "associated"
              }
            ],
            "default": true,
            "dhcp_options_id": "dopt-96bbc7ec",
            "enable_dns_hostnames": true,
            "enable_dns_support": true,
            "filter": null,
            "id": "vpc-302bf84d",
            "instance_tenancy": "default",
            "ipv6_association_id": null,
            "ipv6_cidr_block": null,
            "main_route_table_id": "rtb-b4a3fdca",
            "owner_id": "330248160669",
            "state": "available",
            "tags": {}
          },
          "sensitive_attributes": []
        }
      ]
    },
    {
      "module": "module.hello_world_app",
      "mode": "data",
      "type": "template_file",
      "name": "user_data",
      "provider": "provider[\"registry.terraform.io/hashicorp/template\"]",
      "instances": [
        {
          "schema_version": 0,
          "attributes": {
            "filename": null,
            "id": "f24e1f9747c59b97e5eccc5bba103af902fe2279dc500481953cbc4a17b3bd6a",
            "rendered": "#!/bin/bash\ncat \u003e index.html \u003c\u003cEOF\n\u003ch1\u003eHello, World\u003c/h1\u003e\n\u003cp\u003eDB address: web-database20210122200819446600000001.c4fcq3znnnho.us-east-1.rds.amazonaws.com\u003c/p\u003e\n\u003cp\u003eDB port: 3306\u003c/p\u003e\nEOF\n\nnohup busybox httpd -f -p 8080 \u0026\n",
            "template": "#!/bin/bash\ncat \u003e index.html \u003c\u003cEOF\n\u003ch1\u003e${server_text}\u003c/h1\u003e\n\u003cp\u003eDB address: ${db_address}\u003c/p\u003e\n\u003cp\u003eDB port: ${db_port}\u003c/p\u003e\nEOF\n\nnohup busybox httpd -f -p ${server_port} \u0026\n",
            "vars": {
              "db_address": "web-database20210122200819446600000001.c4fcq3znnnho.us-east-1.rds.amazonaws.com",
              "db_port": "3306",
              "server_port": "8080",
              "server_text": "Hello, World"
            }
          },
          "sensitive_attributes": []
        }
      ]
    },
    {
      "module": "module.hello_world_app",
      "mode": "data",
      "type": "terraform_remote_state",
      "name": "db",
      "provider": "provider[\"terraform.io/builtin/terraform\"]",
      "instances": [
        {
          "schema_version": 0,
          "attributes": {
            "backend": "s3",
            "config": {
              "value": {
                "bucket": "web-global-state",
                "key": "qa/data-stores/mysql/terraform.tfstate",
                "region": "us-east-1"
              },
              "type": [
                "object",
                {
                  "bucket": "string",
                  "key": "string",
                  "region": "string"
                }
              ]
            },
            "defaults": null,
            "outputs": {
              "value": {
                "address": "web-database20210122200819446600000001.c4fcq3znnnho.us-east-1.rds.amazonaws.com",
                "port": 3306
              },
              "type": [
                "object",
                {
                  "address": "string",
                  "port": "number"
                }
              ]
            },
            "workspace": null
          },
          "sensitive_attributes": []
        }
      ]
    },
    {
      "module": "module.hello_world_app",
      "mode": "managed",
      "type": "aws_lb_listener_rule",
      "name": "asg",
      "provider": "provider[\"registry.terraform.io/hashicorp/aws\"]",
      "instances": [
        {
          "schema_version": 0,
          "attributes": {
            "action": [
              {
                "authenticate_cognito": [],
                "authenticate_oidc": [],
                "fixed_response": [],
                "forward": [],
                "order": 1,
                "redirect": [],
                "target_group_arn": "arn:aws:elasticloadbalancing:us-east-1:330248160669:targetgroup/hello-world-qa/23ffafb7446b62de",
                "type": "forward"
              }
            ],
            "arn": "arn:aws:elasticloadbalancing:us-east-1:330248160669:listener-rule/app/hello-world-qa/6c31db4dd9880f73/decb2a5d95198aa1/ab7278f46c599f76",
            "condition": [
              {
                "host_header": [],
                "http_header": [],
                "http_request_method": [],
                "path_pattern": [
                  {
                    "values": [
                      "*"
                    ]
                  }
                ],
                "query_string": [],
                "source_ip": []
              }
            ],
            "id": "arn:aws:elasticloadbalancing:us-east-1:330248160669:listener-rule/app/hello-world-qa/6c31db4dd9880f73/decb2a5d95198aa1/ab7278f46c599f76",
            "listener_arn": "arn:aws:elasticloadbalancing:us-east-1:330248160669:listener/app/hello-world-qa/6c31db4dd9880f73/decb2a5d95198aa1",
            "priority": 100
          },
          "sensitive_attributes": [],
          "private": "bnVsbA==",
          "dependencies": [
            "module.hello_world_app.aws_lb_target_group.asg",
            "module.hello_world_app.data.aws_subnet_ids.default",
            "module.hello_world_app.data.aws_vpc.default",
            "module.hello_world_app.module.alb.aws_lb.example",
            "module.hello_world_app.module.alb.aws_lb_listener.http",
            "module.hello_world_app.module.alb.aws_security_group.alb"
          ]
        }
      ]
    },
    {
      "module": "module.hello_world_app",
      "mode": "managed",
      "type": "aws_lb_target_group",
      "name": "asg",
      "provider": "provider[\"registry.terraform.io/hashicorp/aws\"]",
      "instances": [
        {
          "schema_version": 0,
          "attributes": {
            "arn": "arn:aws:elasticloadbalancing:us-east-1:330248160669:targetgroup/hello-world-qa/23ffafb7446b62de",
            "arn_suffix": "targetgroup/hello-world-qa/23ffafb7446b62de",
            "deregistration_delay": 300,
            "health_check": [
              {
                "enabled": true,
                "healthy_threshold": 2,
                "interval": 15,
                "matcher": "200",
                "path": "/",
                "port": "traffic-port",
                "protocol": "HTTP",
                "timeout": 3,
                "unhealthy_threshold": 2
              }
            ],
            "id": "arn:aws:elasticloadbalancing:us-east-1:330248160669:targetgroup/hello-world-qa/23ffafb7446b62de",
            "lambda_multi_value_headers_enabled": false,
            "load_balancing_algorithm_type": "round_robin",
            "name": "hello-world-qa",
            "name_prefix": null,
            "port": 8080,
            "protocol": "HTTP",
            "proxy_protocol_v2": false,
            "slow_start": 0,
            "stickiness": [
              {
                "cookie_duration": 86400,
                "enabled": false,
                "type": "lb_cookie"
              }
            ],
            "tags": null,
            "target_type": "instance",
            "vpc_id": "vpc-302bf84d"
          },
          "sensitive_attributes": [],
          "private": "bnVsbA==",
          "dependencies": [
            "module.hello_world_app.data.aws_vpc.default"
          ]
        }
      ]
    },
    {
      "module": "module.hello_world_app.module.alb",
      "mode": "managed",
      "type": "aws_lb",
      "name": "example",
      "provider": "provider[\"registry.terraform.io/hashicorp/aws\"]",
      "instances": [
        {
          "schema_version": 0,
          "attributes": {
            "access_logs": [
              {
                "bucket": "",
                "enabled": false,
                "prefix": ""
              }
            ],
            "arn": "arn:aws:elasticloadbalancing:us-east-1:330248160669:loadbalancer/app/hello-world-qa/6c31db4dd9880f73",
            "arn_suffix": "app/hello-world-qa/6c31db4dd9880f73",
            "customer_owned_ipv4_pool": "",
            "dns_name": "hello-world-qa-1255086557.us-east-1.elb.amazonaws.com",
            "drop_invalid_header_fields": false,
            "enable_cross_zone_load_balancing": null,
            "enable_deletion_protection": false,
            "enable_http2": true,
            "id": "arn:aws:elasticloadbalancing:us-east-1:330248160669:loadbalancer/app/hello-world-qa/6c31db4dd9880f73",
            "idle_timeout": 60,
            "internal": false,
            "ip_address_type": "ipv4",
            "load_balancer_type": "application",
            "name": "hello-world-qa",
            "name_prefix": null,
            "security_groups": [
              "sg-0e3578097cdd1b448"
            ],
            "subnet_mapping": [
              {
                "allocation_id": "",
                "outpost_id": "",
                "private_ipv4_address": "",
                "subnet_id": "subnet-3287046d"
              },
              {
                "allocation_id": "",
                "outpost_id": "",
                "private_ipv4_address": "",
                "subnet_id": "subnet-52f9ae1f"
              },
              {
                "allocation_id": "",
                "outpost_id": "",
                "private_ipv4_address": "",
                "subnet_id": "subnet-bd8e039c"
              },
              {
                "allocation_id": "",
                "outpost_id": "",
                "private_ipv4_address": "",
                "subnet_id": "subnet-c3f933f2"
              },
              {
                "allocation_id": "",
                "outpost_id": "",
                "private_ipv4_address": "",
                "subnet_id": "subnet-ceceb7c0"
              },
              {
                "allocation_id": "",
                "outpost_id": "",
                "private_ipv4_address": "",
                "subnet_id": "subnet-f9098e9f"
              }
            ],
            "subnets": [
              "subnet-3287046d",
              "subnet-52f9ae1f",
              "subnet-bd8e039c",
              "subnet-c3f933f2",
              "subnet-ceceb7c0",
              "subnet-f9098e9f"
            ],
            "tags": null,
            "timeouts": null,
            "vpc_id": "vpc-302bf84d",
            "zone_id": "Z35SXDOTRQ7X7K"
          },
          "sensitive_attributes": [],
          "private": "eyJlMmJmYjczMC1lY2FhLTExZTYtOGY4OC0zNDM2M2JjN2M0YzAiOnsiY3JlYXRlIjo2MDAwMDAwMDAwMDAsImRlbGV0ZSI6NjAwMDAwMDAwMDAwLCJ1cGRhdGUiOjYwMDAwMDAwMDAwMH19",
          "dependencies": [
            "module.hello_world_app.data.aws_subnet_ids.default",
            "module.hello_world_app.module.alb.aws_security_group.alb"
          ]
        }
      ]
    },
    {
      "module": "module.hello_world_app.module.alb",
      "mode": "managed",
      "type": "aws_lb_listener",
      "name": "http",
      "provider": "provider[\"registry.terraform.io/hashicorp/aws\"]",
      "instances": [
        {
          "schema_version": 0,
          "attributes": {
            "arn": "arn:aws:elasticloadbalancing:us-east-1:330248160669:listener/app/hello-world-qa/6c31db4dd9880f73/decb2a5d95198aa1",
            "certificate_arn": null,
            "default_action": [
              {
                "authenticate_cognito": [],
                "authenticate_oidc": [],
                "fixed_response": [
                  {
                    "content_type": "text/plain",
                    "message_body": "404: page not found",
                    "status_code": "404"
                  }
                ],
                "forward": [],
                "order": 1,
                "redirect": [],
                "target_group_arn": "",
                "type": "fixed-response"
              }
            ],
            "id": "arn:aws:elasticloadbalancing:us-east-1:330248160669:listener/app/hello-world-qa/6c31db4dd9880f73/decb2a5d95198aa1",
            "load_balancer_arn": "arn:aws:elasticloadbalancing:us-east-1:330248160669:loadbalancer/app/hello-world-qa/6c31db4dd9880f73",
            "port": 80,
            "protocol": "HTTP",
            "ssl_policy": "",
            "timeouts": null
          },
          "sensitive_attributes": [],
          "private": "eyJlMmJmYjczMC1lY2FhLTExZTYtOGY4OC0zNDM2M2JjN2M0YzAiOnsicmVhZCI6NjAwMDAwMDAwMDAwfX0=",
          "dependencies": [
            "module.hello_world_app.data.aws_subnet_ids.default",
            "module.hello_world_app.module.alb.aws_lb.example",
            "module.hello_world_app.module.alb.aws_security_group.alb"
          ]
        }
      ]
    },
    {
      "module": "module.hello_world_app.module.alb",
      "mode": "managed",
      "type": "aws_security_group",
      "name": "alb",
      "provider": "provider[\"registry.terraform.io/hashicorp/aws\"]",
      "instances": [
        {
          "schema_version": 1,
          "attributes": {
            "arn": "arn:aws:ec2:us-east-1:330248160669:security-group/sg-0e3578097cdd1b448",
            "description": "Managed by Terraform",
            "egress": [],
            "id": "sg-0e3578097cdd1b448",
            "ingress": [],
            "name": "hello-world-qa",
            "name_prefix": "",
            "owner_id": "330248160669",
            "revoke_rules_on_delete": false,
            "tags": null,
            "timeouts": null,
            "vpc_id": "vpc-302bf84d"
          },
          "sensitive_attributes": [],
          "private": "eyJlMmJmYjczMC1lY2FhLTExZTYtOGY4OC0zNDM2M2JjN2M0YzAiOnsiY3JlYXRlIjo2MDAwMDAwMDAwMDAsImRlbGV0ZSI6NjAwMDAwMDAwMDAwfSwic2NoZW1hX3ZlcnNpb24iOiIxIn0="
        }
      ]
    },
    {
      "module": "module.hello_world_app.module.alb",
      "mode": "managed",
      "type": "aws_security_group_rule",
      "name": "allow_http_inbound",
      "provider": "provider[\"registry.terraform.io/hashicorp/aws\"]",
      "instances": [
        {
          "schema_version": 2,
          "attributes": {
            "cidr_blocks": [
              "0.0.0.0/0"
            ],
            "description": null,
            "from_port": 80,
            "id": "sgrule-826194355",
            "ipv6_cidr_blocks": null,
            "prefix_list_ids": null,
            "protocol": "tcp",
            "security_group_id": "sg-0e3578097cdd1b448",
            "self": false,
            "source_security_group_id": null,
            "to_port": 80,
            "type": "ingress"
          },
          "sensitive_attributes": [],
          "private": "eyJzY2hlbWFfdmVyc2lvbiI6IjIifQ==",
          "dependencies": [
            "module.hello_world_app.module.alb.aws_security_group.alb"
          ]
        }
      ]
    },
    {
      "module": "module.hello_world_app.module.alb",
      "mode": "managed",
      "type": "aws_security_group_rule",
      "name": "allow_http_outbound",
      "provider": "provider[\"registry.terraform.io/hashicorp/aws\"]",
      "instances": [
        {
          "schema_version": 2,
          "attributes": {
            "cidr_blocks": [
              "0.0.0.0/0"
            ],
            "description": null,
            "from_port": 0,
            "id": "sgrule-865339342",
            "ipv6_cidr_blocks": null,
            "prefix_list_ids": null,
            "protocol": "-1",
            "security_group_id": "sg-0e3578097cdd1b448",
            "self": false,
            "source_security_group_id": null,
            "to_port": 0,
            "type": "egress"
          },
          "sensitive_attributes": [],
          "private": "eyJzY2hlbWFfdmVyc2lvbiI6IjIifQ==",
          "dependencies": [
            "module.hello_world_app.module.alb.aws_security_group.alb"
          ]
        }
      ]
    },
    {
      "module": "module.hello_world_app.module.asg",
      "mode": "managed",
      "type": "aws_autoscaling_group",
      "name": "example",
      "provider": "provider[\"registry.terraform.io/hashicorp/aws\"]",
      "instances": [
        {
          "schema_version": 0,
          "attributes": {
            "arn": "arn:aws:autoscaling:us-east-1:330248160669:autoScalingGroup:09ef3cb8-3070-43ac-be25-7f6bd8dd3bca:autoScalingGroupName/hello-world-qa-terraform-20210122201721297600000001",
            "availability_zones": [
              "us-east-1a",
              "us-east-1b",
              "us-east-1c",
              "us-east-1d",
              "us-east-1e",
              "us-east-1f"
            ],
            "capacity_rebalance": false,
            "default_cooldown": 300,
            "desired_capacity": 2,
            "enabled_metrics": null,
            "force_delete": false,
            "health_check_grace_period": 300,
            "health_check_type": "ELB",
            "id": "hello-world-qa-terraform-20210122201721297600000001",
            "initial_lifecycle_hook": [],
            "instance_refresh": [],
            "launch_configuration": "terraform-20210122201721297600000001",
            "launch_template": [],
            "load_balancers": null,
            "max_instance_lifetime": 0,
            "max_size": 4,
            "metrics_granularity": "1Minute",
            "min_elb_capacity": 2,
            "min_size": 2,
            "mixed_instances_policy": [],
            "name": "hello-world-qa-terraform-20210122201721297600000001",
            "name_prefix": null,
            "placement_group": "",
            "protect_from_scale_in": false,
            "service_linked_role_arn": "arn:aws:iam::330248160669:role/aws-service-role/autoscaling.amazonaws.com/AWSServiceRoleForAutoScaling",
            "suspended_processes": null,
            "tag": [
              {
                "key": "Name",
                "propagate_at_launch": true,
                "value": "hello-world-qa"
              }
            ],
            "tags": null,
            "target_group_arns": [
              "arn:aws:elasticloadbalancing:us-east-1:330248160669:targetgroup/hello-world-qa/23ffafb7446b62de"
            ],
            "termination_policies": null,
            "timeouts": null,
            "vpc_zone_identifier": [
              "subnet-3287046d",
              "subnet-52f9ae1f",
              "subnet-bd8e039c",
              "subnet-c3f933f2",
              "subnet-ceceb7c0",
              "subnet-f9098e9f"
            ],
            "wait_for_capacity_timeout": "10m",
            "wait_for_elb_capacity": null
          },
          "sensitive_attributes": [],
          "private": "eyJlMmJmYjczMC1lY2FhLTExZTYtOGY4OC0zNDM2M2JjN2M0YzAiOnsiZGVsZXRlIjo2MDAwMDAwMDAwMDB9fQ==",
          "dependencies": [
            "module.hello_world_app.aws_lb_target_group.asg",
            "module.hello_world_app.data.aws_subnet_ids.default",
            "module.hello_world_app.data.aws_vpc.default",
            "module.hello_world_app.data.template_file.user_data",
            "module.hello_world_app.module.asg.aws_launch_configuration.example",
            "module.hello_world_app.module.asg.aws_security_group.instance"
          ]
        }
      ]
    },
    {
      "module": "module.hello_world_app.module.asg",
      "mode": "managed",
      "type": "aws_cloudwatch_metric_alarm",
      "name": "high_cpu_utilization",
      "provider": "provider[\"registry.terraform.io/hashicorp/aws\"]",
      "instances": [
        {
          "schema_version": 1,
          "attributes": {
            "actions_enabled": true,
            "alarm_actions": null,
            "alarm_description": "",
            "alarm_name": "hello-world-qa-high-cpu-utilization",
            "arn": "arn:aws:cloudwatch:us-east-1:330248160669:alarm:hello-world-qa-high-cpu-utilization",
            "comparison_operator": "GreaterThanThreshold",
            "datapoints_to_alarm": 0,
            "dimensions": {
              "AutoScalingGroupName": "hello-world-qa-terraform-20210122201721297600000001"
            },
            "evaluate_low_sample_count_percentiles": "",
            "evaluation_periods": 1,
            "extended_statistic": "",
            "id": "hello-world-qa-high-cpu-utilization",
            "insufficient_data_actions": null,
            "metric_name": "CPUUtilization",
            "metric_query": [],
            "namespace": "AWS/EC2",
            "ok_actions": null,
            "period": 300,
            "statistic": "Average",
            "tags": null,
            "threshold": 90,
            "threshold_metric_id": "",
            "treat_missing_data": "missing",
            "unit": "Percent"
          },
          "sensitive_attributes": [],
          "private": "eyJzY2hlbWFfdmVyc2lvbiI6IjEifQ==",
          "dependencies": [
            "module.hello_world_app.aws_lb_target_group.asg",
            "module.hello_world_app.data.aws_subnet_ids.default",
            "module.hello_world_app.data.aws_vpc.default",
            "module.hello_world_app.data.template_file.user_data",
            "module.hello_world_app.module.asg.aws_autoscaling_group.example",
            "module.hello_world_app.module.asg.aws_launch_configuration.example",
            "module.hello_world_app.module.asg.aws_security_group.instance"
          ]
        }
      ]
    },
    {
      "module": "module.hello_world_app.module.asg",
      "mode": "managed",
      "type": "aws_cloudwatch_metric_alarm",
      "name": "low_cpu_credit_balance",
      "provider": "provider[\"registry.terraform.io/hashicorp/aws\"]",
      "instances": [
        {
          "index_key": 0,
          "schema_version": 1,
          "attributes": {
            "actions_enabled": true,
            "alarm_actions": null,
            "alarm_description": "",
            "alarm_name": "hello-world-qa-low-cpu-credit-balance",
            "arn": "arn:aws:cloudwatch:us-east-1:330248160669:alarm:hello-world-qa-low-cpu-credit-balance",
            "comparison_operator": "LessThanThreshold",
            "datapoints_to_alarm": 0,
            "dimensions": {
              "AutoScalingGroupName": "hello-world-qa-terraform-20210122201721297600000001"
            },
            "evaluate_low_sample_count_percentiles": "",
            "evaluation_periods": 1,
            "extended_statistic": "",
            "id": "hello-world-qa-low-cpu-credit-balance",
            "insufficient_data_actions": null,
            "metric_name": "CPUCreditBalance",
            "metric_query": [],
            "namespace": "AWS/EC2",
            "ok_actions": null,
            "period": 300,
            "statistic": "Minimum",
            "tags": null,
            "threshold": 10,
            "threshold_metric_id": "",
            "treat_missing_data": "missing",
            "unit": "Count"
          },
          "sensitive_attributes": [],
          "private": "eyJzY2hlbWFfdmVyc2lvbiI6IjEifQ==",
          "dependencies": [
            "module.hello_world_app.aws_lb_target_group.asg",
            "module.hello_world_app.data.aws_subnet_ids.default",
            "module.hello_world_app.data.aws_vpc.default",
            "module.hello_world_app.data.template_file.user_data",
            "module.hello_world_app.module.asg.aws_autoscaling_group.example",
            "module.hello_world_app.module.asg.aws_launch_configuration.example",
            "module.hello_world_app.module.asg.aws_security_group.instance"
          ]
        }
      ]
    },
    {
      "module": "module.hello_world_app.module.asg",
      "mode": "managed",
      "type": "aws_launch_configuration",
      "name": "example",
      "provider": "provider[\"registry.terraform.io/hashicorp/aws\"]",
      "instances": [
        {
          "schema_version": 0,
          "attributes": {
            "arn": "arn:aws:autoscaling:us-east-1:330248160669:launchConfiguration:d0520649-0686-4a68-8923-c6328b00ced3:launchConfigurationName/terraform-20210122201721297600000001",
            "associate_public_ip_address": false,
            "ebs_block_device": [],
            "ebs_optimized": false,
            "enable_monitoring": true,
            "ephemeral_block_device": [],
            "iam_instance_profile": "",
            "id": "terraform-20210122201721297600000001",
            "image_id": "ami-2757f631",
            "instance_type": "t2.micro",
            "key_name": "",
            "metadata_options": [],
            "name": "terraform-20210122201721297600000001",
            "name_prefix": null,
            "placement_tenancy": null,
            "root_block_device": [],
            "security_groups": [
              "sg-01cdbfb4c81cf4cd1"
            ],
            "spot_price": "",
            "user_data": "9f31cb479637ac8646587a56334b3a7505e0f532",
            "user_data_base64": null,
            "vpc_classic_link_id": "",
            "vpc_classic_link_security_groups": null
          },
          "sensitive_attributes": [],
          "private": "bnVsbA==",
          "dependencies": [
            "module.hello_world_app.data.template_file.user_data",
            "module.hello_world_app.module.asg.aws_security_group.instance"
          ],
          "create_before_destroy": true
        }
      ]
    },
    {
      "module": "module.hello_world_app.module.asg",
      "mode": "managed",
      "type": "aws_security_group",
      "name": "instance",
      "provider": "provider[\"registry.terraform.io/hashicorp/aws\"]",
      "instances": [
        {
          "schema_version": 1,
          "attributes": {
            "arn": "arn:aws:ec2:us-east-1:330248160669:security-group/sg-01cdbfb4c81cf4cd1",
            "description": "Managed by Terraform",
            "egress": [],
            "id": "sg-01cdbfb4c81cf4cd1",
            "ingress": [],
            "name": "hello-world-qa-instance",
            "name_prefix": "",
            "owner_id": "330248160669",
            "revoke_rules_on_delete": false,
            "tags": null,
            "timeouts": null,
            "vpc_id": "vpc-302bf84d"
          },
          "sensitive_attributes": [],
          "private": "eyJlMmJmYjczMC1lY2FhLTExZTYtOGY4OC0zNDM2M2JjN2M0YzAiOnsiY3JlYXRlIjo2MDAwMDAwMDAwMDAsImRlbGV0ZSI6NjAwMDAwMDAwMDAwfSwic2NoZW1hX3ZlcnNpb24iOiIxIn0=",
          "create_before_destroy": true
        }
      ]
    },
    {
      "module": "module.hello_world_app.module.asg",
      "mode": "managed",
      "type": "aws_security_group_rule",
      "name": "allow_server_http_inbound",
      "provider": "provider[\"registry.terraform.io/hashicorp/aws\"]",
      "instances": [
        {
          "schema_version": 2,
          "attributes": {
            "cidr_blocks": [
              "0.0.0.0/0"
            ],
            "description": null,
            "from_port": 8080,
            "id": "sgrule-3166149396",
            "ipv6_cidr_blocks": null,
            "prefix_list_ids": null,
            "protocol": "tcp",
            "security_group_id": "sg-01cdbfb4c81cf4cd1",
            "self": false,
            "source_security_group_id": null,
            "to_port": 8080,
            "type": "ingress"
          },
          "sensitive_attributes": [],
          "private": "eyJzY2hlbWFfdmVyc2lvbiI6IjIifQ==",
          "dependencies": [
            "module.hello_world_app.module.asg.aws_security_group.instance"
          ]
        }
      ]
    }
  ]
}
